
Microsoft Visual Studio Solution File, Format Version 12.00
# Visual Studio Version 17
VisualStudioVersion = 17.4.33110.190
MinimumVisualStudioVersion = 10.0.40219.1
Project("{FAE04EC0-301F-11D3-BF4B-00C04F79EFBC}") = "Desktop_Auth", "Desktop_Auth\Desktop_Auth.csproj", "{D5A08453-A13C-4E9F-B9CC-0758B1EC30D4}"
EndProject
Global
	GlobalSection(SolutionConfigurationPlatforms) = preSolution
		Debug|Any CPU = Debug|Any CPU
		Release|Any CPU = Release|Any CPU
	EndGlobalSection
	GlobalSection(ProjectConfigurationPlatforms) = postSolution
		{D5A08453-A13C-4E9F-B9CC-0758B1EC30D4}.Debug|Any CPU.ActiveCfg = Debug|Any CPU
		{D5A08453-A13C-4E9F-B9CC-0758B1EC30D4}.Debug|Any CPU.Build.0 = Debug|Any CPU
		{D5A08453-A13C-4E9F-B9CC-0758B1EC30D4}.Release|Any CPU.ActiveCfg = Release|Any CPU
		{D5A08453-A13C-4E9F-B9CC-0758B1EC30D4}.Release|Any CPU.Build.0 = Release|Any CPU
	EndGlobalSection
	GlobalSection(SolutionProperties) = preSolution
		HideSolutionNode = FALSE
	EndGlobalSection
	GlobalSection(ExtensibilityGlobals) = postSolution
		SolutionGuid = {14B5D193-94B5-4F9F-85BF-0C4BCD232FB3}
	EndGlobalSection
EndGlobal
